
Microsoft Visual Studio Solution File, Format Version 12.00
# Visual Studio 14
VisualStudioVersion = 14.0.25123.0
MinimumVisualStudioVersion = 10.0.40219.1
Project("{FAE04EC0-301F-11D3-BF4B-00C04F79EFBC}") = "SqlConnectionStringBuilderHW", "SqlConnectionStringBuilderHW+GruppaHW\SqlConnectionStringBuilderHW.csproj", "{B5E2D1C5-707A-423E-894E-804400E76368}"
EndProject
Project("{FAE04EC0-301F-11D3-BF4B-00C04F79EFBC}") = "GruppaHW", "GruppaHW\GruppaHW.csproj", "{EF4478B4-7DFE-4933-9696-C25C8D428FFD}"
EndProject
Global
	GlobalSection(SolutionConfigurationPlatforms) = preSolution
		Debug|Any CPU = Debug|Any CPU
		Release|Any CPU = Release|Any CPU
	EndGlobalSection
	GlobalSection(ProjectConfigurationPlatforms) = postSolution
		{B5E2D1C5-707A-423E-894E-804400E76368}.Debug|Any CPU.ActiveCfg = Debug|Any CPU
		{B5E2D1C5-707A-423E-894E-804400E76368}.Debug|Any CPU.Build.0 = Debug|Any CPU
		{B5E2D1C5-707A-423E-894E-804400E76368}.Release|Any CPU.ActiveCfg = Release|Any CPU
		{B5E2D1C5-707A-423E-894E-804400E76368}.Release|Any CPU.Build.0 = Release|Any CPU
		{EF4478B4-7DFE-4933-9696-C25C8D428FFD}.Debug|Any CPU.ActiveCfg = Debug|Any CPU
		{EF4478B4-7DFE-4933-9696-C25C8D428FFD}.Debug|Any CPU.Build.0 = Debug|Any CPU
		{EF4478B4-7DFE-4933-9696-C25C8D428FFD}.Release|Any CPU.ActiveCfg = Release|Any CPU
		{EF4478B4-7DFE-4933-9696-C25C8D428FFD}.Release|Any CPU.Build.0 = Release|Any CPU
	EndGlobalSection
	GlobalSection(SolutionProperties) = preSolution
		HideSolutionNode = FALSE
	EndGlobalSection
EndGlobal
